
Microsoft Visual Studio Solution File, Format Version 12.00
Project("{FAE04EC0-301F-11D3-BF4B-00C04F79EFBC}") = "ZfpTests", "tests\ZfpTests\ZfpTests.csproj", "{A5640102-D094-473B-90FD-A1F9733F3337}"
EndProject
Project("{FAE04EC0-301F-11D3-BF4B-00C04F79EFBC}") = "ZfpDotnet", "src\ZfpDotnet\ZfpDotnet.csproj", "{4E330208-7628-4954-AAB4-1DFB9B3A81C6}"
EndProject
Project("{FAE04EC0-301F-11D3-BF4B-00C04F79EFBC}") = "ZfpDotnet.Runtime", "src\ZfpDotnet.Runtime\ZfpDotnet.Runtime.csproj", "{DD7E2AB1-BAAE-460A-98C6-315F3C718DC0}"
EndProject
Global
	GlobalSection(SolutionConfigurationPlatforms) = preSolution
		Debug|Any CPU = Debug|Any CPU
		Release|Any CPU = Release|Any CPU
	EndGlobalSection
	GlobalSection(ProjectConfigurationPlatforms) = postSolution
		{A5640102-D094-473B-90FD-A1F9733F3337}.Debug|Any CPU.ActiveCfg = Debug|Any CPU
		{A5640102-D094-473B-90FD-A1F9733F3337}.Debug|Any CPU.Build.0 = Debug|Any CPU
		{A5640102-D094-473B-90FD-A1F9733F3337}.Release|Any CPU.ActiveCfg = Release|Any CPU
		{A5640102-D094-473B-90FD-A1F9733F3337}.Release|Any CPU.Build.0 = Release|Any CPU
		{4E330208-7628-4954-AAB4-1DFB9B3A81C6}.Debug|Any CPU.ActiveCfg = Debug|Any CPU
		{4E330208-7628-4954-AAB4-1DFB9B3A81C6}.Debug|Any CPU.Build.0 = Debug|Any CPU
		{4E330208-7628-4954-AAB4-1DFB9B3A81C6}.Release|Any CPU.ActiveCfg = Release|Any CPU
		{4E330208-7628-4954-AAB4-1DFB9B3A81C6}.Release|Any CPU.Build.0 = Release|Any CPU
		{DD7E2AB1-BAAE-460A-98C6-315F3C718DC0}.Debug|Any CPU.ActiveCfg = Debug|Any CPU
		{DD7E2AB1-BAAE-460A-98C6-315F3C718DC0}.Debug|Any CPU.Build.0 = Debug|Any CPU
		{DD7E2AB1-BAAE-460A-98C6-315F3C718DC0}.Release|Any CPU.ActiveCfg = Release|Any CPU
		{DD7E2AB1-BAAE-460A-98C6-315F3C718DC0}.Release|Any CPU.Build.0 = Release|Any CPU
	EndGlobalSection
EndGlobal
